
Microsoft Visual Studio Solution File, Format Version 12.00
# Visual Studio Version 17
VisualStudioVersion = 17.7.34003.232
MinimumVisualStudioVersion = 10.0.40219.1
Project("{FAE04EC0-301F-11D3-BF4B-00C04F79EFBC}") = "TiendaRopa_V1", "TiendaRopa_V1.csproj", "{A26ABA87-1733-4C0E-B36C-A90312F9558B}"
EndProject
Global
	GlobalSection(SolutionConfigurationPlatforms) = preSolution
		Debug|Any CPU = Debug|Any CPU
		Release|Any CPU = Release|Any CPU
	EndGlobalSection
	GlobalSection(ProjectConfigurationPlatforms) = postSolution
		{A26ABA87-1733-4C0E-B36C-A90312F9558B}.Debug|Any CPU.ActiveCfg = Debug|Any CPU
		{A26ABA87-1733-4C0E-B36C-A90312F9558B}.Debug|Any CPU.Build.0 = Debug|Any CPU
		{A26ABA87-1733-4C0E-B36C-A90312F9558B}.Release|Any CPU.ActiveCfg = Release|Any CPU
		{A26ABA87-1733-4C0E-B36C-A90312F9558B}.Release|Any CPU.Build.0 = Release|Any CPU
	EndGlobalSection
	GlobalSection(SolutionProperties) = preSolution
		HideSolutionNode = FALSE
	EndGlobalSection
	GlobalSection(ExtensibilityGlobals) = postSolution
		SolutionGuid = {23744022-DAE2-4E88-AF87-F6797B41560E}
	EndGlobalSection
EndGlobal
